
Microsoft Visual Studio Solution File, Format Version 12.00
# Visual Studio Version 17
VisualStudioVersion = 17.14.36301.6 d17.14
MinimumVisualStudioVersion = 10.0.40219.1
Project("{FAE04EC0-301F-11D3-BF4B-00C04F79EFBC}") = "WebApplicationHandson5", "WebApplicationHandson5\WebApplicationHandson5.csproj", "{1D80D070-FDFA-4F9E-AE91-FB3AF2CAE163}"
EndProject
Global
	GlobalSection(SolutionConfigurationPlatforms) = preSolution
		Debug|Any CPU = Debug|Any CPU
		Release|Any CPU = Release|Any CPU
	EndGlobalSection
	GlobalSection(ProjectConfigurationPlatforms) = postSolution
		{1D80D070-FDFA-4F9E-AE91-FB3AF2CAE163}.Debug|Any CPU.ActiveCfg = Debug|Any CPU
		{1D80D070-FDFA-4F9E-AE91-FB3AF2CAE163}.Debug|Any CPU.Build.0 = Debug|Any CPU
		{1D80D070-FDFA-4F9E-AE91-FB3AF2CAE163}.Release|Any CPU.ActiveCfg = Release|Any CPU
		{1D80D070-FDFA-4F9E-AE91-FB3AF2CAE163}.Release|Any CPU.Build.0 = Release|Any CPU
	EndGlobalSection
	GlobalSection(SolutionProperties) = preSolution
		HideSolutionNode = FALSE
	EndGlobalSection
	GlobalSection(ExtensibilityGlobals) = postSolution
		SolutionGuid = {889495B6-0E42-4B92-AB5E-A82F94534065}
	EndGlobalSection
EndGlobal
